
Microsoft Visual Studio Solution File, Format Version 12.00
# Visual Studio 15
VisualStudioVersion = 15.0.28307.136
MinimumVisualStudioVersion = 10.0.40219.1
Project("{FAE04EC0-301F-11D3-BF4B-00C04F79EFBC}") = "handy_potato.Android", "handy_potato\handy_potato.Android\handy_potato.Android.csproj", "{A19D56D9-5187-4377-B17C-A44D6A46ED78}"
EndProject
Project("{FAE04EC0-301F-11D3-BF4B-00C04F79EFBC}") = "handy_potato.iOS", "handy_potato\handy_potato.iOS\handy_potato.iOS.csproj", "{37BB6DAB-5EBB-42CE-B94A-E854DD60C2C0}"
EndProject
Project("{FAE04EC0-301F-11D3-BF4B-00C04F79EFBC}") = "handy_potato", "handy_potato\handy_potato\handy_potato.csproj", "{28635ADB-B275-402B-8377-B4A222B831C1}"
EndProject
Global
	GlobalSection(SolutionConfigurationPlatforms) = preSolution
		Ad-Hoc|Any CPU = Ad-Hoc|Any CPU
		Ad-Hoc|iPhone = Ad-Hoc|iPhone
		Ad-Hoc|iPhoneSimulator = Ad-Hoc|iPhoneSimulator
		AppStore|Any CPU = AppStore|Any CPU
		AppStore|iPhone = AppStore|iPhone
		AppStore|iPhoneSimulator = AppStore|iPhoneSimulator
		Debug|Any CPU = Debug|Any CPU
		Debug|iPhone = Debug|iPhone
		Debug|iPhoneSimulator = Debug|iPhoneSimulator
		Release|Any CPU = Release|Any CPU
		Release|iPhone = Release|iPhone
		Release|iPhoneSimulator = Release|iPhoneSimulator
	EndGlobalSection
	GlobalSection(ProjectConfigurationPlatforms) = postSolution
		{A19D56D9-5187-4377-B17C-A44D6A46ED78}.Ad-Hoc|Any CPU.ActiveCfg = Release|Any CPU
		{A19D56D9-5187-4377-B17C-A44D6A46ED78}.Ad-Hoc|Any CPU.Build.0 = Release|Any CPU
		{A19D56D9-5187-4377-B17C-A44D6A46ED78}.Ad-Hoc|Any CPU.Deploy.0 = Release|Any CPU
		{A19D56D9-5187-4377-B17C-A44D6A46ED78}.Ad-Hoc|iPhone.ActiveCfg = Release|Any CPU
		{A19D56D9-5187-4377-B17C-A44D6A46ED78}.Ad-Hoc|iPhone.Build.0 = Release|Any CPU
		{A19D56D9-5187-4377-B17C-A44D6A46ED78}.Ad-Hoc|iPhone.Deploy.0 = Release|Any CPU
		{A19D56D9-5187-4377-B17C-A44D6A46ED78}.Ad-Hoc|iPhoneSimulator.ActiveCfg = Release|Any CPU
		{A19D56D9-5187-4377-B17C-A44D6A46ED78}.Ad-Hoc|iPhoneSimulator.Build.0 = Release|Any CPU
		{A19D56D9-5187-4377-B17C-A44D6A46ED78}.Ad-Hoc|iPhoneSimulator.Deploy.0 = Release|Any CPU
		{A19D56D9-5187-4377-B17C-A44D6A46ED78}.AppStore|Any CPU.ActiveCfg = Release|Any CPU
		{A19D56D9-5187-4377-B17C-A44D6A46ED78}.AppStore|Any CPU.Build.0 = Release|Any CPU
		{A19D56D9-5187-4377-B17C-A44D6A46ED78}.AppStore|Any CPU.Deploy.0 = Release|Any CPU
		{A19D56D9-5187-4377-B17C-A44D6A46ED78}.AppStore|iPhone.ActiveCfg = Release|Any CPU
		{A19D56D9-5187-4377-B17C-A44D6A46ED78}.AppStore|iPhone.Build.0 = Release|Any CPU
		{A19D56D9-5187-4377-B17C-A44D6A46ED78}.AppStore|iPhone.Deploy.0 = Release|Any CPU
		{A19D56D9-5187-4377-B17C-A44D6A46ED78}.AppStore|iPhoneSimulator.ActiveCfg = Release|Any CPU
		{A19D56D9-5187-4377-B17C-A44D6A46ED78}.AppStore|iPhoneSimulator.Build.0 = Release|Any CPU
		{A19D56D9-5187-4377-B17C-A44D6A46ED78}.AppStore|iPhoneSimulator.Deploy.0 = Release|Any CPU
		{A19D56D9-5187-4377-B17C-A44D6A46ED78}.Debug|Any CPU.ActiveCfg = Debug|Any CPU
		{A19D56D9-5187-4377-B17C-A44D6A46ED78}.Debug|Any CPU.Build.0 = Debug|Any CPU
		{A19D56D9-5187-4377-B17C-A44D6A46ED78}.Debug|Any CPU.Deploy.0 = Debug|Any CPU
		{A19D56D9-5187-4377-B17C-A44D6A46ED78}.Debug|iPhone.ActiveCfg = Debug|Any CPU
		{A19D56D9-5187-4377-B17C-A44D6A46ED78}.Debug|iPhone.Build.0 = Debug|Any CPU
		{A19D56D9-5187-4377-B17C-A44D6A46ED78}.Debug|iPhone.Deploy.0 = Debug|Any CPU
		{A19D56D9-5187-4377-B17C-A44D6A46ED78}.Debug|iPhoneSimulator.ActiveCfg = Debug|Any CPU
		{A19D56D9-5187-4377-B17C-A44D6A46ED78}.Debug|iPhoneSimulator.Build.0 = Debug|Any CPU
		{A19D56D9-5187-4377-B17C-A44D6A46ED78}.Debug|iPhoneSimulator.Deploy.0 = Debug|Any CPU
		{A19D56D9-5187-4377-B17C-A44D6A46ED78}.Release|Any CPU.ActiveCfg = Release|Any CPU
		{A19D56D9-5187-4377-B17C-A44D6A46ED78}.Release|Any CPU.Build.0 = Release|Any CPU
		{A19D56D9-5187-4377-B17C-A44D6A46ED78}.Release|Any CPU.Deploy.0 = Release|Any CPU
		{A19D56D9-5187-4377-B17C-A44D6A46ED78}.Release|iPhone.ActiveCfg = Release|Any CPU
		{A19D56D9-5187-4377-B17C-A44D6A46ED78}.Release|iPhone.Build.0 = Release|Any CPU
		{A19D56D9-5187-4377-B17C-A44D6A46ED78}.Release|iPhone.Deploy.0 = Release|Any CPU
		{A19D56D9-5187-4377-B17C-A44D6A46ED78}.Release|iPhoneSimulator.ActiveCfg = Release|Any CPU
		{A19D56D9-5187-4377-B17C-A44D6A46ED78}.Release|iPhoneSimulator.Build.0 = Release|Any CPU
		{A19D56D9-5187-4377-B17C-A44D6A46ED78}.Release|iPhoneSimulator.Deploy.0 = Release|Any CPU
		{37BB6DAB-5EBB-42CE-B94A-E854DD60C2C0}.Ad-Hoc|Any CPU.ActiveCfg = Ad-Hoc|iPhone
		{37BB6DAB-5EBB-42CE-B94A-E854DD60C2C0}.Ad-Hoc|Any CPU.Build.0 = Ad-Hoc|iPhone
		{37BB6DAB-5EBB-42CE-B94A-E854DD60C2C0}.Ad-Hoc|Any CPU.Deploy.0 = Ad-Hoc|iPhone
		{37BB6DAB-5EBB-42CE-B94A-E854DD60C2C0}.Ad-Hoc|iPhone.ActiveCfg = Ad-Hoc|iPhone
		{37BB6DAB-5EBB-42CE-B94A-E854DD60C2C0}.Ad-Hoc|iPhone.Build.0 = Ad-Hoc|iPhone
		{37BB6DAB-5EBB-42CE-B94A-E854DD60C2C0}.Ad-Hoc|iPhone.Deploy.0 = Ad-Hoc|iPhone
		{37BB6DAB-5EBB-42CE-B94A-E854DD60C2C0}.Ad-Hoc|iPhoneSimulator.ActiveCfg = Ad-Hoc|iPhoneSimulator
		{37BB6DAB-5EBB-42CE-B94A-E854DD60C2C0}.Ad-Hoc|iPhoneSimulator.Build.0 = Ad-Hoc|iPhoneSimulator
		{37BB6DAB-5EBB-42CE-B94A-E854DD60C2C0}.Ad-Hoc|iPhoneSimulator.Deploy.0 = Ad-Hoc|iPhoneSimulator
		{37BB6DAB-5EBB-42CE-B94A-E854DD60C2C0}.AppStore|Any CPU.ActiveCfg = AppStore|iPhone
		{37BB6DAB-5EBB-42CE-B94A-E854DD60C2C0}.AppStore|Any CPU.Build.0 = AppStore|iPhone
		{37BB6DAB-5EBB-42CE-B94A-E854DD60C2C0}.AppStore|Any CPU.Deploy.0 = AppStore|iPhone
		{37BB6DAB-5EBB-42CE-B94A-E854DD60C2C0}.AppStore|iPhone.ActiveCfg = AppStore|iPhone
		{37BB6DAB-5EBB-42CE-B94A-E854DD60C2C0}.AppStore|iPhone.Build.0 = AppStore|iPhone
		{37BB6DAB-5EBB-42CE-B94A-E854DD60C2C0}.AppStore|iPhone.Deploy.0 = AppStore|iPhone
		{37BB6DAB-5EBB-42CE-B94A-E854DD60C2C0}.AppStore|iPhoneSimulator.ActiveCfg = AppStore|iPhoneSimulator
		{37BB6DAB-5EBB-42CE-B94A-E854DD60C2C0}.AppStore|iPhoneSimulator.Build.0 = AppStore|iPhoneSimulator
		{37BB6DAB-5EBB-42CE-B94A-E854DD60C2C0}.AppStore|iPhoneSimulator.Deploy.0 = AppStore|iPhoneSimulator
		{37BB6DAB-5EBB-42CE-B94A-E854DD60C2C0}.Debug|Any CPU.ActiveCfg = Debug|iPhoneSimulator
		{37BB6DAB-5EBB-42CE-B94A-E854DD60C2C0}.Debug|Any CPU.Build.0 = Debug|iPhoneSimulator
		{37BB6DAB-5EBB-42CE-B94A-E854DD60C2C0}.Debug|Any CPU.Deploy.0 = Debug|iPhoneSimulator
		{37BB6DAB-5EBB-42CE-B94A-E854DD60C2C0}.Debug|iPhone.ActiveCfg = Debug|iPhone
		{37BB6DAB-5EBB-42CE-B94A-E854DD60C2C0}.Debug|iPhone.Build.0 = Debug|iPhone
		{37BB6DAB-5EBB-42CE-B94A-E854DD60C2C0}.Debug|iPhone.Deploy.0 = Debug|iPhone
		{37BB6DAB-5EBB-42CE-B94A-E854DD60C2C0}.Debug|iPhoneSimulator.ActiveCfg = Debug|iPhoneSimulator
		{37BB6DAB-5EBB-42CE-B94A-E854DD60C2C0}.Debug|iPhoneSimulator.Build.0 = Debug|iPhoneSimulator
		{37BB6DAB-5EBB-42CE-B94A-E854DD60C2C0}.Debug|iPhoneSimulator.Deploy.0 = Debug|iPhoneSimulator
		{37BB6DAB-5EBB-42CE-B94A-E854DD60C2C0}.Release|Any CPU.ActiveCfg = Release|iPhone
		{37BB6DAB-5EBB-42CE-B94A-E854DD60C2C0}.Release|Any CPU.Build.0 = Release|iPhone
		{37BB6DAB-5EBB-42CE-B94A-E854DD60C2C0}.Release|Any CPU.Deploy.0 = Release|iPhone
		{37BB6DAB-5EBB-42CE-B94A-E854DD60C2C0}.Release|iPhone.ActiveCfg = Release|iPhone
		{37BB6DAB-5EBB-42CE-B94A-E854DD60C2C0}.Release|iPhone.Build.0 = Release|iPhone
		{37BB6DAB-5EBB-42CE-B94A-E854DD60C2C0}.Release|iPhone.Deploy.0 = Release|iPhone
		{37BB6DAB-5EBB-42CE-B94A-E854DD60C2C0}.Release|iPhoneSimulator.ActiveCfg = Release|iPhoneSimulator
		{37BB6DAB-5EBB-42CE-B94A-E854DD60C2C0}.Release|iPhoneSimulator.Build.0 = Release|iPhoneSimulator
		{37BB6DAB-5EBB-42CE-B94A-E854DD60C2C0}.Release|iPhoneSimulator.Deploy.0 = Release|iPhoneSimulator
		{28635ADB-B275-402B-8377-B4A222B831C1}.Ad-Hoc|Any CPU.ActiveCfg = Debug|Any CPU
		{28635ADB-B275-402B-8377-B4A222B831C1}.Ad-Hoc|Any CPU.Build.0 = Debug|Any CPU
		{28635ADB-B275-402B-8377-B4A222B831C1}.Ad-Hoc|Any CPU.Deploy.0 = Debug|Any CPU
		{28635ADB-B275-402B-8377-B4A222B831C1}.Ad-Hoc|iPhone.ActiveCfg = Debug|Any CPU
		{28635ADB-B275-402B-8377-B4A222B831C1}.Ad-Hoc|iPhone.Build.0 = Debug|Any CPU
		{28635ADB-B275-402B-8377-B4A222B831C1}.Ad-Hoc|iPhone.Deploy.0 = Debug|Any CPU
		{28635ADB-B275-402B-8377-B4A222B831C1}.Ad-Hoc|iPhoneSimulator.ActiveCfg = Debug|Any CPU
		{28635ADB-B275-402B-8377-B4A222B831C1}.Ad-Hoc|iPhoneSimulator.Build.0 = Debug|Any CPU
		{28635ADB-B275-402B-8377-B4A222B831C1}.Ad-Hoc|iPhoneSimulator.Deploy.0 = Debug|Any CPU
		{28635ADB-B275-402B-8377-B4A222B831C1}.AppStore|Any CPU.ActiveCfg = Debug|Any CPU
		{28635ADB-B275-402B-8377-B4A222B831C1}.AppStore|Any CPU.Build.0 = Debug|Any CPU
		{28635ADB-B275-402B-8377-B4A222B831C1}.AppStore|Any CPU.Deploy.0 = Debug|Any CPU
		{28635ADB-B275-402B-8377-B4A222B831C1}.AppStore|iPhone.ActiveCfg = Debug|Any CPU
		{28635ADB-B275-402B-8377-B4A222B831C1}.AppStore|iPhone.Build.0 = Debug|Any CPU
		{28635ADB-B275-402B-8377-B4A222B831C1}.AppStore|iPhone.Deploy.0 = Debug|Any CPU
		{28635ADB-B275-402B-8377-B4A222B831C1}.AppStore|iPhoneSimulator.ActiveCfg = Debug|Any CPU
		{28635ADB-B275-402B-8377-B4A222B831C1}.AppStore|iPhoneSimulator.Build.0 = Debug|Any CPU
		{28635ADB-B275-402B-8377-B4A222B831C1}.AppStore|iPhoneSimulator.Deploy.0 = Debug|Any CPU
		{28635ADB-B275-402B-8377-B4A222B831C1}.Debug|Any CPU.ActiveCfg = Debug|Any CPU
		{28635ADB-B275-402B-8377-B4A222B831C1}.Debug|Any CPU.Build.0 = Debug|Any CPU
		{28635ADB-B275-402B-8377-B4A222B831C1}.Debug|Any CPU.Deploy.0 = Debug|Any CPU
		{28635ADB-B275-402B-8377-B4A222B831C1}.Debug|iPhone.ActiveCfg = Debug|Any CPU
		{28635ADB-B275-402B-8377-B4A222B831C1}.Debug|iPhone.Build.0 = Debug|Any CPU
		{28635ADB-B275-402B-8377-B4A222B831C1}.Debug|iPhone.Deploy.0 = Debug|Any CPU
		{28635ADB-B275-402B-8377-B4A222B831C1}.Debug|iPhoneSimulator.ActiveCfg = Debug|Any CPU
		{28635ADB-B275-402B-8377-B4A222B831C1}.Debug|iPhoneSimulator.Build.0 = Debug|Any CPU
		{28635ADB-B275-402B-8377-B4A222B831C1}.Debug|iPhoneSimulator.Deploy.0 = Debug|Any CPU
		{28635ADB-B275-402B-8377-B4A222B831C1}.Release|Any CPU.ActiveCfg = Release|Any CPU
		{28635ADB-B275-402B-8377-B4A222B831C1}.Release|Any CPU.Build.0 = Release|Any CPU
		{28635ADB-B275-402B-8377-B4A222B831C1}.Release|Any CPU.Deploy.0 = Release|Any CPU
		{28635ADB-B275-402B-8377-B4A222B831C1}.Release|iPhone.ActiveCfg = Release|Any CPU
		{28635ADB-B275-402B-8377-B4A222B831C1}.Release|iPhone.Build.0 = Release|Any CPU
		{28635ADB-B275-402B-8377-B4A222B831C1}.Release|iPhone.Deploy.0 = Release|Any CPU
		{28635ADB-B275-402B-8377-B4A222B831C1}.Release|iPhoneSimulator.ActiveCfg = Release|Any CPU
		{28635ADB-B275-402B-8377-B4A222B831C1}.Release|iPhoneSimulator.Build.0 = Release|Any CPU
		{28635ADB-B275-402B-8377-B4A222B831C1}.Release|iPhoneSimulator.Deploy.0 = Release|Any CPU
	EndGlobalSection
	GlobalSection(SolutionProperties) = preSolution
		HideSolutionNode = FALSE
	EndGlobalSection
	GlobalSection(ExtensibilityGlobals) = postSolution
		SolutionGuid = {AD91B43D-0229-4A52-B81E-08A8439D492F}
	EndGlobalSection
EndGlobal
